
Microsoft Visual Studio Solution File, Format Version 12.00
# Visual Studio Version 16
VisualStudioVersion = 16.0.30011.22
MinimumVisualStudioVersion = 10.0.40219.1
Project("{FAE04EC0-301F-11D3-BF4B-00C04F79EFBC}") = "Điểm Sinh Viên Trường Đại Học Điện Lực", "Điểm Sinh Viên Trường Đại Học Điện Lực\Điểm Sinh Viên Trường Đại Học Điện Lực.csproj", "{47202021-C798-4733-BECF-4D046540B7FA}"
EndProject
Project("{54435603-DBB4-11D2-8724-00A0C9A8B90C}") = "Quản lý điểm", "Quản lý điểm\Quản lý điểm.vdproj", "{061C852C-E6AC-4DF0-B6D1-8CF16F0A226D}"
EndProject
Global
	GlobalSection(SolutionConfigurationPlatforms) = preSolution
		Debug|Any CPU = Debug|Any CPU
		Release|Any CPU = Release|Any CPU
	EndGlobalSection
	GlobalSection(ProjectConfigurationPlatforms) = postSolution
		{47202021-C798-4733-BECF-4D046540B7FA}.Debug|Any CPU.ActiveCfg = Debug|Any CPU
		{47202021-C798-4733-BECF-4D046540B7FA}.Debug|Any CPU.Build.0 = Debug|Any CPU
		{47202021-C798-4733-BECF-4D046540B7FA}.Release|Any CPU.ActiveCfg = Release|Any CPU
		{47202021-C798-4733-BECF-4D046540B7FA}.Release|Any CPU.Build.0 = Release|Any CPU
		{061C852C-E6AC-4DF0-B6D1-8CF16F0A226D}.Debug|Any CPU.ActiveCfg = Debug
		{061C852C-E6AC-4DF0-B6D1-8CF16F0A226D}.Release|Any CPU.ActiveCfg = Release
	EndGlobalSection
	GlobalSection(SolutionProperties) = preSolution
		HideSolutionNode = FALSE
	EndGlobalSection
	GlobalSection(ExtensibilityGlobals) = postSolution
		SolutionGuid = {34BC4D08-1F64-4690-BBC9-9EDBE059B9F1}
	EndGlobalSection
EndGlobal
